// !$*UTF8*$!
{
	archiveVersion = 1;
	classes = {
	};
	objectVersion = 55;
	objects = {

/* Begin PBXBuildFile section */
		14056BF428142BA8002C4CA3 /* OrderItem.swift in Sources */ = {isa = PBXBuildFile; fileRef = 14056BF228142BA8002C4CA3 /* OrderItem.swift */; };
		14056BF528142BA8002C4CA3 /* OrdersLoader.swift in Sources */ = {isa = PBXBuildFile; fileRef = 14056BF328142BA8002C4CA3 /* OrdersLoader.swift */; };
		14056BFC28142BDB002C4CA3 /* RemoteOrdersLoader.swift in Sources */ = {isa = PBXBuildFile; fileRef = 14056BF728142BDB002C4CA3 /* RemoteOrdersLoader.swift */; };
		14056BFD28142BDB002C4CA3 /* OrderItemsMapper.swift in Sources */ = {isa = PBXBuildFile; fileRef = 14056BF828142BDB002C4CA3 /* OrderItemsMapper.swift */; };
		14056BFE28142BDB002C4CA3 /* HTTPClient.swift in Sources */ = {isa = PBXBuildFile; fileRef = 14056BF928142BDB002C4CA3 /* HTTPClient.swift */; };
		14056BFF28142BDB002C4CA3 /* HTTPURLResponse+StatusCode.swift in Sources */ = {isa = PBXBuildFile; fileRef = 14056BFB28142BDB002C4CA3 /* HTTPURLResponse+StatusCode.swift */; };
		14056C0828142C05002C4CA3 /* Orders.framework in Frameworks */ = {isa = PBXBuildFile; fileRef = 14056B7E2813DDEA002C4CA3 /* Orders.framework */; };
		14056C1328142C14002C4CA3 /* SharedTestHelpers.swift in Sources */ = {isa = PBXBuildFile; fileRef = 14056C0F28142C14002C4CA3 /* SharedTestHelpers.swift */; };
		14056C1428142C14002C4CA3 /* XCTestCase+MemoryLeakTracking.swift in Sources */ = {isa = PBXBuildFile; fileRef = 14056C1028142C14002C4CA3 /* XCTestCase+MemoryLeakTracking.swift */; };
		14056C1528142C14002C4CA3 /* RemoteOrdersLoaderTests.swift in Sources */ = {isa = PBXBuildFile; fileRef = 14056C1228142C14002C4CA3 /* RemoteOrdersLoaderTests.swift */; };
		14056C1B28142EE5002C4CA3 /* OrdersStore.xcdatamodeld in Sources */ = {isa = PBXBuildFile; fileRef = 14056C1928142EE5002C4CA3 /* OrdersStore.xcdatamodeld */; };
		14056C1D281433A9002C4CA3 /* CoreDataHelpers.swift in Sources */ = {isa = PBXBuildFile; fileRef = 14056C1C281433A9002C4CA3 /* CoreDataHelpers.swift */; };
		14056C22281433EC002C4CA3 /* ManagedOrder.swift in Sources */ = {isa = PBXBuildFile; fileRef = 14056C1E281433EC002C4CA3 /* ManagedOrder.swift */; };
		14056C24281433EC002C4CA3 /* ManagedCache.swift in Sources */ = {isa = PBXBuildFile; fileRef = 14056C20281433EC002C4CA3 /* ManagedCache.swift */; };
		14056C2728143633002C4CA3 /* LocalOrderItem.swift in Sources */ = {isa = PBXBuildFile; fileRef = 14056C2628143633002C4CA3 /* LocalOrderItem.swift */; };
		14056C2928143D42002C4CA3 /* CoreDataOrdersStore.swift in Sources */ = {isa = PBXBuildFile; fileRef = 14056C2828143D42002C4CA3 /* CoreDataOrdersStore.swift */; };
		14056C2B28143D8C002C4CA3 /* LocalOrdersLoader.swift in Sources */ = {isa = PBXBuildFile; fileRef = 14056C2A28143D8C002C4CA3 /* LocalOrdersLoader.swift */; };
		14056C2D28143DC3002C4CA3 /* OrdersStore.swift in Sources */ = {isa = PBXBuildFile; fileRef = 14056C2C28143DC3002C4CA3 /* OrdersStore.swift */; };
		14D054A628145A6400735DD7 /* OrderType+init.swift in Sources */ = {isa = PBXBuildFile; fileRef = 14D054A528145A6400735DD7 /* OrderType+init.swift */; };
		14D054A828145A9100735DD7 /* OrderStatue+init.swift in Sources */ = {isa = PBXBuildFile; fileRef = 14D054A728145A9100735DD7 /* OrderStatue+init.swift */; };
		14D054AB281470C000735DD7 /* CoreDataOrdersStoreTests.swift in Sources */ = {isa = PBXBuildFile; fileRef = 14D054AA281470C000735DD7 /* CoreDataOrdersStoreTests.swift */; };
		14D054AE281473A600735DD7 /* OrdersStoreSpy.swift in Sources */ = {isa = PBXBuildFile; fileRef = 14D054AD281473A600735DD7 /* OrdersStoreSpy.swift */; };
		14D054B02814748600735DD7 /* OrdersCacheTestHelpers.swift in Sources */ = {isa = PBXBuildFile; fileRef = 14D054AF2814748600735DD7 /* OrdersCacheTestHelpers.swift */; };
		14D054B22814754F00735DD7 /* OrderType+rawValue.swift in Sources */ = {isa = PBXBuildFile; fileRef = 14D054B12814754F00735DD7 /* OrderType+rawValue.swift */; };
		14D054B42814757100735DD7 /* OrderStatus+rawValue.swift in Sources */ = {isa = PBXBuildFile; fileRef = 14D054B32814757100735DD7 /* OrderStatus+rawValue.swift */; };
		14D054B628147C3F00735DD7 /* URLSessionHTTPClient.swift in Sources */ = {isa = PBXBuildFile; fileRef = 14D054B528147C3F00735DD7 /* URLSessionHTTPClient.swift */; };
		14D054B828147C4D00735DD7 /* URLSessionHTTPClientTest.swift in Sources */ = {isa = PBXBuildFile; fileRef = 14D054B728147C4D00735DD7 /* URLSessionHTTPClientTest.swift */; };
		14D054BC281484C300735DD7 /* CacheOrdersUseCaseTests.swift in Sources */ = {isa = PBXBuildFile; fileRef = 14D054BB281484C300735DD7 /* CacheOrdersUseCaseTests.swift */; };
		14D054BE281526E800735DD7 /* LoadFromCacheUseCaseTests.swift in Sources */ = {isa = PBXBuildFile; fileRef = 14D054BD281526E800735DD7 /* LoadFromCacheUseCaseTests.swift */; };
		14D054DF28153AE400735DD7 /* OrdersiOS.framework in Frameworks */ = {isa = PBXBuildFile; fileRef = 14D054D728153AE400735DD7 /* OrdersiOS.framework */; };
		14D054E428153AE400735DD7 /* OrdersSnapshotTests.swift in Sources */ = {isa = PBXBuildFile; fileRef = 14D054E328153AE400735DD7 /* OrdersSnapshotTests.swift */; };
		14D054F128153D3200735DD7 /* OrdersViewModel.swift in Sources */ = {isa = PBXBuildFile; fileRef = 14D054F028153D3200735DD7 /* OrdersViewModel.swift */; };
		14D054F328153DFA00735DD7 /* OrdersViewController.swift in Sources */ = {isa = PBXBuildFile; fileRef = 14D054F228153DFA00735DD7 /* OrdersViewController.swift */; };
		14D054F528153E3500735DD7 /* OrderItemCellController.swift in Sources */ = {isa = PBXBuildFile; fileRef = 14D054F428153E3500735DD7 /* OrderItemCellController.swift */; };
		14D054F728153E6600735DD7 /* OrderItemCell.swift in Sources */ = {isa = PBXBuildFile; fileRef = 14D054F628153E6600735DD7 /* OrderItemCell.swift */; };
		14D054F928154ACF00735DD7 /* OrderItemViewModel.swift in Sources */ = {isa = PBXBuildFile; fileRef = 14D054F828154ACF00735DD7 /* OrderItemViewModel.swift */; };
		14D054FB2815593B00735DD7 /* AmountFormatter.swift in Sources */ = {isa = PBXBuildFile; fileRef = 14D054FA2815593A00735DD7 /* AmountFormatter.swift */; };
		14D054FD281560D500735DD7 /* OrdersDownloadViewController.swift in Sources */ = {isa = PBXBuildFile; fileRef = 14D054FC281560D500735DD7 /* OrdersDownloadViewController.swift */; };
		14D054FF281563E600735DD7 /* DownloadView.swift in Sources */ = {isa = PBXBuildFile; fileRef = 14D054FE281563E600735DD7 /* DownloadView.swift */; };
		14D055012815641500735DD7 /* Orders.storyboard in Resources */ = {isa = PBXBuildFile; fileRef = 14D055002815641500735DD7 /* Orders.storyboard */; };
		14D0550428156A7400735DD7 /* UITableView+Dequeuing.swift in Sources */ = {isa = PBXBuildFile; fileRef = 14D0550328156A7400735DD7 /* UITableView+Dequeuing.swift */; };
		14D055432815AB0900735DD7 /* Assets.xcassets in Resources */ = {isa = PBXBuildFile; fileRef = 14D055422815AB0900735DD7 /* Assets.xcassets */; };
/* End PBXBuildFile section */

/* Begin PBXContainerItemProxy section */
		14056C0928142C05002C4CA3 /* PBXContainerItemProxy */ = {
			isa = PBXContainerItemProxy;
			containerPortal = 14056B752813DDE9002C4CA3 /* Project object */;
			proxyType = 1;
			remoteGlobalIDString = 14056B7D2813DDEA002C4CA3;
			remoteInfo = Orders;
		};
		14D054E028153AE400735DD7 /* PBXContainerItemProxy */ = {
			isa = PBXContainerItemProxy;
			containerPortal = 14056B752813DDE9002C4CA3 /* Project object */;
			proxyType = 1;
			remoteGlobalIDString = 14D054D628153AE400735DD7;
			remoteInfo = OrdersiOS;
		};
/* End PBXContainerItemProxy section */

/* Begin PBXFileReference section */
		14056B7E2813DDEA002C4CA3 /* Orders.framework */ = {isa = PBXFileReference; explicitFileType = wrapper.framework; includeInIndex = 0; path = Orders.framework; sourceTree = BUILT_PRODUCTS_DIR; };
		14056BF228142BA8002C4CA3 /* OrderItem.swift */ = {isa = PBXFileReference; fileEncoding = 4; lastKnownFileType = sourcecode.swift; path = OrderItem.swift; sourceTree = "<group>"; };
		14056BF328142BA8002C4CA3 /* OrdersLoader.swift */ = {isa = PBXFileReference; fileEncoding = 4; lastKnownFileType = sourcecode.swift; path = OrdersLoader.swift; sourceTree = "<group>"; };
		14056BF728142BDB002C4CA3 /* RemoteOrdersLoader.swift */ = {isa = PBXFileReference; fileEncoding = 4; lastKnownFileType = sourcecode.swift; path = RemoteOrdersLoader.swift; sourceTree = "<group>"; };
		14056BF828142BDB002C4CA3 /* OrderItemsMapper.swift */ = {isa = PBXFileReference; fileEncoding = 4; lastKnownFileType = sourcecode.swift; path = OrderItemsMapper.swift; sourceTree = "<group>"; };
		14056BF928142BDB002C4CA3 /* HTTPClient.swift */ = {isa = PBXFileReference; fileEncoding = 4; lastKnownFileType = sourcecode.swift; path = HTTPClient.swift; sourceTree = "<group>"; };
		14056BFB28142BDB002C4CA3 /* HTTPURLResponse+StatusCode.swift */ = {isa = PBXFileReference; fileEncoding = 4; lastKnownFileType = sourcecode.swift; path = "HTTPURLResponse+StatusCode.swift"; sourceTree = "<group>"; };
		14056C0428142C05002C4CA3 /* OrdersTests.xctest */ = {isa = PBXFileReference; explicitFileType = wrapper.cfbundle; includeInIndex = 0; path = OrdersTests.xctest; sourceTree = BUILT_PRODUCTS_DIR; };
		14056C0F28142C14002C4CA3 /* SharedTestHelpers.swift */ = {isa = PBXFileReference; fileEncoding = 4; lastKnownFileType = sourcecode.swift; path = SharedTestHelpers.swift; sourceTree = "<group>"; };
		14056C1028142C14002C4CA3 /* XCTestCase+MemoryLeakTracking.swift */ = {isa = PBXFileReference; fileEncoding = 4; lastKnownFileType = sourcecode.swift; path = "XCTestCase+MemoryLeakTracking.swift"; sourceTree = "<group>"; };
		14056C1228142C14002C4CA3 /* RemoteOrdersLoaderTests.swift */ = {isa = PBXFileReference; fileEncoding = 4; lastKnownFileType = sourcecode.swift; path = RemoteOrdersLoaderTests.swift; sourceTree = "<group>"; };
		14056C1A28142EE5002C4CA3 /* OrdersStore.xcdatamodel */ = {isa = PBXFileReference; lastKnownFileType = wrapper.xcdatamodel; path = OrdersStore.xcdatamodel; sourceTree = "<group>"; };
		14056C1C281433A9002C4CA3 /* CoreDataHelpers.swift */ = {isa = PBXFileReference; lastKnownFileType = sourcecode.swift; path = CoreDataHelpers.swift; sourceTree = "<group>"; };
		14056C1E281433EC002C4CA3 /* ManagedOrder.swift */ = {isa = PBXFileReference; lastKnownFileType = sourcecode.swift; path = ManagedOrder.swift; sourceTree = "<group>"; };
		14056C20281433EC002C4CA3 /* ManagedCache.swift */ = {isa = PBXFileReference; lastKnownFileType = sourcecode.swift; path = ManagedCache.swift; sourceTree = "<group>"; };
		14056C2628143633002C4CA3 /* LocalOrderItem.swift */ = {isa = PBXFileReference; lastKnownFileType = sourcecode.swift; path = LocalOrderItem.swift; sourceTree = "<group>"; };
		14056C2828143D42002C4CA3 /* CoreDataOrdersStore.swift */ = {isa = PBXFileReference; lastKnownFileType = sourcecode.swift; path = CoreDataOrdersStore.swift; sourceTree = "<group>"; };
		14056C2A28143D8C002C4CA3 /* LocalOrdersLoader.swift */ = {isa = PBXFileReference; lastKnownFileType = sourcecode.swift; path = LocalOrdersLoader.swift; sourceTree = "<group>"; };
		14056C2C28143DC3002C4CA3 /* OrdersStore.swift */ = {isa = PBXFileReference; lastKnownFileType = sourcecode.swift; path = OrdersStore.swift; sourceTree = "<group>"; };
		14D054A528145A6400735DD7 /* OrderType+init.swift */ = {isa = PBXFileReference; lastKnownFileType = sourcecode.swift; path = "OrderType+init.swift"; sourceTree = "<group>"; };
		14D054A728145A9100735DD7 /* OrderStatue+init.swift */ = {isa = PBXFileReference; lastKnownFileType = sourcecode.swift; path = "OrderStatue+init.swift"; sourceTree = "<group>"; };
		14D054AA281470C000735DD7 /* CoreDataOrdersStoreTests.swift */ = {isa = PBXFileReference; lastKnownFileType = sourcecode.swift; path = CoreDataOrdersStoreTests.swift; sourceTree = "<group>"; };
		14D054AD281473A600735DD7 /* OrdersStoreSpy.swift */ = {isa = PBXFileReference; lastKnownFileType = sourcecode.swift; path = OrdersStoreSpy.swift; sourceTree = "<group>"; };
		14D054AF2814748600735DD7 /* OrdersCacheTestHelpers.swift */ = {isa = PBXFileReference; lastKnownFileType = sourcecode.swift; path = OrdersCacheTestHelpers.swift; sourceTree = "<group>"; };
		14D054B12814754F00735DD7 /* OrderType+rawValue.swift */ = {isa = PBXFileReference; lastKnownFileType = sourcecode.swift; path = "OrderType+rawValue.swift"; sourceTree = "<group>"; };
		14D054B32814757100735DD7 /* OrderStatus+rawValue.swift */ = {isa = PBXFileReference; lastKnownFileType = sourcecode.swift; path = "OrderStatus+rawValue.swift"; sourceTree = "<group>"; };
		14D054B528147C3F00735DD7 /* URLSessionHTTPClient.swift */ = {isa = PBXFileReference; fileEncoding = 4; lastKnownFileType = sourcecode.swift; path = URLSessionHTTPClient.swift; sourceTree = "<group>"; };
		14D054B728147C4D00735DD7 /* URLSessionHTTPClientTest.swift */ = {isa = PBXFileReference; fileEncoding = 4; lastKnownFileType = sourcecode.swift; path = URLSessionHTTPClientTest.swift; sourceTree = "<group>"; };
		14D054BB281484C300735DD7 /* CacheOrdersUseCaseTests.swift */ = {isa = PBXFileReference; lastKnownFileType = sourcecode.swift; path = CacheOrdersUseCaseTests.swift; sourceTree = "<group>"; };
		14D054BD281526E800735DD7 /* LoadFromCacheUseCaseTests.swift */ = {isa = PBXFileReference; lastKnownFileType = sourcecode.swift; path = LoadFromCacheUseCaseTests.swift; sourceTree = "<group>"; };
		14D054D728153AE400735DD7 /* OrdersiOS.framework */ = {isa = PBXFileReference; explicitFileType = wrapper.framework; includeInIndex = 0; path = OrdersiOS.framework; sourceTree = BUILT_PRODUCTS_DIR; };
		14D054DE28153AE400735DD7 /* OrdersiOSTests.xctest */ = {isa = PBXFileReference; explicitFileType = wrapper.cfbundle; includeInIndex = 0; path = OrdersiOSTests.xctest; sourceTree = BUILT_PRODUCTS_DIR; };
		14D054E328153AE400735DD7 /* OrdersSnapshotTests.swift */ = {isa = PBXFileReference; lastKnownFileType = sourcecode.swift; path = OrdersSnapshotTests.swift; sourceTree = "<group>"; };
		14D054F028153D3200735DD7 /* OrdersViewModel.swift */ = {isa = PBXFileReference; lastKnownFileType = sourcecode.swift; path = OrdersViewModel.swift; sourceTree = "<group>"; };
		14D054F228153DFA00735DD7 /* OrdersViewController.swift */ = {isa = PBXFileReference; lastKnownFileType = sourcecode.swift; path = OrdersViewController.swift; sourceTree = "<group>"; };
		14D054F428153E3500735DD7 /* OrderItemCellController.swift */ = {isa = PBXFileReference; lastKnownFileType = sourcecode.swift; path = OrderItemCellController.swift; sourceTree = "<group>"; };
		14D054F628153E6600735DD7 /* OrderItemCell.swift */ = {isa = PBXFileReference; lastKnownFileType = sourcecode.swift; path = OrderItemCell.swift; sourceTree = "<group>"; };
		14D054F828154ACF00735DD7 /* OrderItemViewModel.swift */ = {isa = PBXFileReference; lastKnownFileType = sourcecode.swift; path = OrderItemViewModel.swift; sourceTree = "<group>"; };
		14D054FA2815593A00735DD7 /* AmountFormatter.swift */ = {isa = PBXFileReference; lastKnownFileType = sourcecode.swift; path = AmountFormatter.swift; sourceTree = "<group>"; };
		14D054FC281560D500735DD7 /* OrdersDownloadViewController.swift */ = {isa = PBXFileReference; lastKnownFileType = sourcecode.swift; path = OrdersDownloadViewController.swift; sourceTree = "<group>"; };
		14D054FE281563E600735DD7 /* DownloadView.swift */ = {isa = PBXFileReference; lastKnownFileType = sourcecode.swift; path = DownloadView.swift; sourceTree = "<group>"; };
		14D055002815641500735DD7 /* Orders.storyboard */ = {isa = PBXFileReference; lastKnownFileType = file.storyboard; path = Orders.storyboard; sourceTree = "<group>"; };
		14D0550328156A7400735DD7 /* UITableView+Dequeuing.swift */ = {isa = PBXFileReference; lastKnownFileType = sourcecode.swift; path = "UITableView+Dequeuing.swift"; sourceTree = "<group>"; };
		14D055422815AB0900735DD7 /* Assets.xcassets */ = {isa = PBXFileReference; lastKnownFileType = folder.assetcatalog; path = Assets.xcassets; sourceTree = "<group>"; };
/* End PBXFileReference section */

/* Begin PBXFrameworksBuildPhase section */
		14056B7B2813DDEA002C4CA3 /* Frameworks */ = {
			isa = PBXFrameworksBuildPhase;
			buildActionMask = 2147483647;
			files = (
			);
			runOnlyForDeploymentPostprocessing = 0;
		};
		14056C0128142C05002C4CA3 /* Frameworks */ = {
			isa = PBXFrameworksBuildPhase;
			buildActionMask = 2147483647;
			files = (
				14056C0828142C05002C4CA3 /* Orders.framework in Frameworks */,
			);
			runOnlyForDeploymentPostprocessing = 0;
		};
		14D054D428153AE400735DD7 /* Frameworks */ = {
			isa = PBXFrameworksBuildPhase;
			buildActionMask = 2147483647;
			files = (
			);
			runOnlyForDeploymentPostprocessing = 0;
		};
		14D054DB28153AE400735DD7 /* Frameworks */ = {
			isa = PBXFrameworksBuildPhase;
			buildActionMask = 2147483647;
			files = (
				14D054DF28153AE400735DD7 /* OrdersiOS.framework in Frameworks */,
			);
			runOnlyForDeploymentPostprocessing = 0;
		};
/* End PBXFrameworksBuildPhase section */

/* Begin PBXGroup section */
		14056B742813DDE9002C4CA3 = {
			isa = PBXGroup;
			children = (
				14056B802813DDEA002C4CA3 /* Orders */,
				14056C0528142C05002C4CA3 /* OrdersTests */,
				14D054D828153AE400735DD7 /* OrdersiOS */,
				14D054E228153AE400735DD7 /* OrdersiOSTests */,
				14056B7F2813DDEA002C4CA3 /* Products */,
			);
			sourceTree = "<group>";
		};
		14056B7F2813DDEA002C4CA3 /* Products */ = {
			isa = PBXGroup;
			children = (
				14056B7E2813DDEA002C4CA3 /* Orders.framework */,
				14056C0428142C05002C4CA3 /* OrdersTests.xctest */,
				14D054D728153AE400735DD7 /* OrdersiOS.framework */,
				14D054DE28153AE400735DD7 /* OrdersiOSTests.xctest */,
			);
			name = Products;
			sourceTree = "<group>";
		};
		14056B802813DDEA002C4CA3 /* Orders */ = {
			isa = PBXGroup;
			children = (
				14D054A428145A2C00735DD7 /* Shared */,
				14056C1628142CFC002C4CA3 /* Orders Cache */,
				14056BF628142BDB002C4CA3 /* Orders API */,
				14056BF128142BA8002C4CA3 /* Orders Feature */,
			);
			path = Orders;
			sourceTree = "<group>";
		};
		14056BF128142BA8002C4CA3 /* Orders Feature */ = {
			isa = PBXGroup;
			children = (
				14056BF228142BA8002C4CA3 /* OrderItem.swift */,
				14056BF328142BA8002C4CA3 /* OrdersLoader.swift */,
			);
			path = "Orders Feature";
			sourceTree = "<group>";
		};
		14056BF628142BDB002C4CA3 /* Orders API */ = {
			isa = PBXGroup;
			children = (
				14056BF728142BDB002C4CA3 /* RemoteOrdersLoader.swift */,
				14056BF828142BDB002C4CA3 /* OrderItemsMapper.swift */,
				14D054B528147C3F00735DD7 /* URLSessionHTTPClient.swift */,
				14056BF928142BDB002C4CA3 /* HTTPClient.swift */,
				14056BFA28142BDB002C4CA3 /* Helpers */,
			);
			path = "Orders API";
			sourceTree = "<group>";
		};
		14056BFA28142BDB002C4CA3 /* Helpers */ = {
			isa = PBXGroup;
			children = (
				14056BFB28142BDB002C4CA3 /* HTTPURLResponse+StatusCode.swift */,
			);
			path = Helpers;
			sourceTree = "<group>";
		};
		14056C0528142C05002C4CA3 /* OrdersTests */ = {
			isa = PBXGroup;
			children = (
				14D054A92814706C00735DD7 /* Orders Cache */,
				14056C0E28142C14002C4CA3 /* Helper */,
				14056C1128142C14002C4CA3 /* Orders API */,
			);
			path = OrdersTests;
			sourceTree = "<group>";
		};
		14056C0E28142C14002C4CA3 /* Helper */ = {
			isa = PBXGroup;
			children = (
				14056C0F28142C14002C4CA3 /* SharedTestHelpers.swift */,
				14056C1028142C14002C4CA3 /* XCTestCase+MemoryLeakTracking.swift */,
				14D054B12814754F00735DD7 /* OrderType+rawValue.swift */,
				14D054B32814757100735DD7 /* OrderStatus+rawValue.swift */,
			);
			path = Helper;
			sourceTree = "<group>";
		};
		14056C1128142C14002C4CA3 /* Orders API */ = {
			isa = PBXGroup;
			children = (
				14056C1228142C14002C4CA3 /* RemoteOrdersLoaderTests.swift */,
				14D054B728147C4D00735DD7 /* URLSessionHTTPClientTest.swift */,
			);
			path = "Orders API";
			sourceTree = "<group>";
		};
		14056C1628142CFC002C4CA3 /* Orders Cache */ = {
			isa = PBXGroup;
			children = (
				14056C1728142EAB002C4CA3 /* Infrastructure */,
				14056C2628143633002C4CA3 /* LocalOrderItem.swift */,
				14056C2A28143D8C002C4CA3 /* LocalOrdersLoader.swift */,
				14056C2C28143DC3002C4CA3 /* OrdersStore.swift */,
			);
			path = "Orders Cache";
			sourceTree = "<group>";
		};
		14056C1728142EAB002C4CA3 /* Infrastructure */ = {
			isa = PBXGroup;
			children = (
				14056C1828142EC0002C4CA3 /* CoreData */,
			);
			path = Infrastructure;
			sourceTree = "<group>";
		};
		14056C1828142EC0002C4CA3 /* CoreData */ = {
			isa = PBXGroup;
			children = (
				14056C1928142EE5002C4CA3 /* OrdersStore.xcdatamodeld */,
				14056C1E281433EC002C4CA3 /* ManagedOrder.swift */,
				14056C20281433EC002C4CA3 /* ManagedCache.swift */,
				14056C1C281433A9002C4CA3 /* CoreDataHelpers.swift */,
				14056C2828143D42002C4CA3 /* CoreDataOrdersStore.swift */,
			);
			path = CoreData;
			sourceTree = "<group>";
		};
		14D054A428145A2C00735DD7 /* Shared */ = {
			isa = PBXGroup;
			children = (
				14D054A528145A6400735DD7 /* OrderType+init.swift */,
				14D054A728145A9100735DD7 /* OrderStatue+init.swift */,
			);
			path = Shared;
			sourceTree = "<group>";
		};
		14D054A92814706C00735DD7 /* Orders Cache */ = {
			isa = PBXGroup;
			children = (
				14D054AC2814734400735DD7 /* Helpers */,
				14D054B92814849B00735DD7 /* Infrastructure */,
				14D054BB281484C300735DD7 /* CacheOrdersUseCaseTests.swift */,
				14D054BD281526E800735DD7 /* LoadFromCacheUseCaseTests.swift */,
			);
			path = "Orders Cache";
			sourceTree = "<group>";
		};
		14D054AC2814734400735DD7 /* Helpers */ = {
			isa = PBXGroup;
			children = (
				14D054AD281473A600735DD7 /* OrdersStoreSpy.swift */,
				14D054AF2814748600735DD7 /* OrdersCacheTestHelpers.swift */,
			);
			path = Helpers;
			sourceTree = "<group>";
		};
		14D054B92814849B00735DD7 /* Infrastructure */ = {
			isa = PBXGroup;
			children = (
				14D054BA281484A700735DD7 /* CoreData */,
			);
			path = Infrastructure;
			sourceTree = "<group>";
		};
		14D054BA281484A700735DD7 /* CoreData */ = {
			isa = PBXGroup;
			children = (
				14D054AA281470C000735DD7 /* CoreDataOrdersStoreTests.swift */,
			);
			path = CoreData;
			sourceTree = "<group>";
		};
		14D054D828153AE400735DD7 /* OrdersiOS */ = {
			isa = PBXGroup;
			children = (
				14D054EC28153BBE00735DD7 /* Orders UI */,
			);
			path = OrdersiOS;
			sourceTree = "<group>";
		};
		14D054E228153AE400735DD7 /* OrdersiOSTests */ = {
			isa = PBXGroup;
			children = (
				14D054E328153AE400735DD7 /* OrdersSnapshotTests.swift */,
			);
			path = OrdersiOSTests;
			sourceTree = "<group>";
		};
		14D054EC28153BBE00735DD7 /* Orders UI */ = {
			isa = PBXGroup;
			children = (
				14D054EF28153C4700735DD7 /* Views */,
				14D054EE28153C3E00735DD7 /* Controllers */,
				14D054ED28153C2500735DD7 /* Models */,
			);
			path = "Orders UI";
			sourceTree = "<group>";
		};
		14D054ED28153C2500735DD7 /* Models */ = {
			isa = PBXGroup;
			children = (
				14D054F028153D3200735DD7 /* OrdersViewModel.swift */,
				14D054F828154ACF00735DD7 /* OrderItemViewModel.swift */,
				14D054FA2815593A00735DD7 /* AmountFormatter.swift */,
			);
			path = Models;
			sourceTree = "<group>";
		};
		14D054EE28153C3E00735DD7 /* Controllers */ = {
			isa = PBXGroup;
			children = (
				14D054F228153DFA00735DD7 /* OrdersViewController.swift */,
				14D054F428153E3500735DD7 /* OrderItemCellController.swift */,
				14D054FC281560D500735DD7 /* OrdersDownloadViewController.swift */,
			);
			path = Controllers;
			sourceTree = "<group>";
		};
		14D054EF28153C4700735DD7 /* Views */ = {
			isa = PBXGroup;
			children = (
				14D055422815AB0900735DD7 /* Assets.xcassets */,
				14D0550228156A5F00735DD7 /* Helpers */,
				14D054F628153E6600735DD7 /* OrderItemCell.swift */,
				14D054FE281563E600735DD7 /* DownloadView.swift */,
				14D055002815641500735DD7 /* Orders.storyboard */,
			);
			path = Views;
			sourceTree = "<group>";
		};
		14D0550228156A5F00735DD7 /* Helpers */ = {
			isa = PBXGroup;
			children = (
				14D0550328156A7400735DD7 /* UITableView+Dequeuing.swift */,
			);
			path = Helpers;
			sourceTree = "<group>";
		};
/* End PBXGroup section */

/* Begin PBXHeadersBuildPhase section */
		14056B792813DDEA002C4CA3 /* Headers */ = {
			isa = PBXHeadersBuildPhase;
			buildActionMask = 2147483647;
			files = (
			);
			runOnlyForDeploymentPostprocessing = 0;
		};
		14D054D228153AE400735DD7 /* Headers */ = {
			isa = PBXHeadersBuildPhase;
			buildActionMask = 2147483647;
			files = (
			);
			runOnlyForDeploymentPostprocessing = 0;
		};
/* End PBXHeadersBuildPhase section */

/* Begin PBXNativeTarget section */
		14056B7D2813DDEA002C4CA3 /* Orders */ = {
			isa = PBXNativeTarget;
			buildConfigurationList = 14056B852813DDEA002C4CA3 /* Build configuration list for PBXNativeTarget "Orders" */;
			buildPhases = (
				14056B792813DDEA002C4CA3 /* Headers */,
				14056B7A2813DDEA002C4CA3 /* Sources */,
				14056B7B2813DDEA002C4CA3 /* Frameworks */,
				14056B7C2813DDEA002C4CA3 /* Resources */,
			);
			buildRules = (
			);
			dependencies = (
			);
			name = Orders;
			productName = Orders;
			productReference = 14056B7E2813DDEA002C4CA3 /* Orders.framework */;
			productType = "com.apple.product-type.framework";
		};
		14056C0328142C05002C4CA3 /* OrdersTests */ = {
			isa = PBXNativeTarget;
			buildConfigurationList = 14056C0B28142C05002C4CA3 /* Build configuration list for PBXNativeTarget "OrdersTests" */;
			buildPhases = (
				14056C0028142C05002C4CA3 /* Sources */,
				14056C0128142C05002C4CA3 /* Frameworks */,
				14056C0228142C05002C4CA3 /* Resources */,
			);
			buildRules = (
			);
			dependencies = (
				14056C0A28142C05002C4CA3 /* PBXTargetDependency */,
			);
			name = OrdersTests;
			productName = OrdersTests;
			productReference = 14056C0428142C05002C4CA3 /* OrdersTests.xctest */;
			productType = "com.apple.product-type.bundle.unit-test";
		};
		14D054D628153AE400735DD7 /* OrdersiOS */ = {
			isa = PBXNativeTarget;
			buildConfigurationList = 14D054E628153AE400735DD7 /* Build configuration list for PBXNativeTarget "OrdersiOS" */;
			buildPhases = (
				14D054D228153AE400735DD7 /* Headers */,
				14D054D328153AE400735DD7 /* Sources */,
				14D054D428153AE400735DD7 /* Frameworks */,
				14D054D528153AE400735DD7 /* Resources */,
			);
			buildRules = (
			);
			dependencies = (
			);
			name = OrdersiOS;
			productName = OrdersiOS;
			productReference = 14D054D728153AE400735DD7 /* OrdersiOS.framework */;
			productType = "com.apple.product-type.framework";
		};
		14D054DD28153AE400735DD7 /* OrdersiOSTests */ = {
			isa = PBXNativeTarget;
			buildConfigurationList = 14D054E928153AE400735DD7 /* Build configuration list for PBXNativeTarget "OrdersiOSTests" */;
			buildPhases = (
				14D054DA28153AE400735DD7 /* Sources */,
				14D054DB28153AE400735DD7 /* Frameworks */,
				14D054DC28153AE400735DD7 /* Resources */,
			);
			buildRules = (
			);
			dependencies = (
				14D054E128153AE400735DD7 /* PBXTargetDependency */,
			);
			name = OrdersiOSTests;
			productName = OrdersiOSTests;
			productReference = 14D054DE28153AE400735DD7 /* OrdersiOSTests.xctest */;
			productType = "com.apple.product-type.bundle.unit-test";
		};
/* End PBXNativeTarget section */

/* Begin PBXProject section */
		14056B752813DDE9002C4CA3 /* Project object */ = {
			isa = PBXProject;
			attributes = {
				BuildIndependentTargetsInParallel = 1;
				LastSwiftUpdateCheck = 1330;
				LastUpgradeCheck = 1330;
				TargetAttributes = {
					14056B7D2813DDEA002C4CA3 = {
						CreatedOnToolsVersion = 13.3;
						LastSwiftMigration = 1330;
					};
					14056C0328142C05002C4CA3 = {
						CreatedOnToolsVersion = 13.3;
					};
					14D054D628153AE400735DD7 = {
						CreatedOnToolsVersion = 13.3;
						LastSwiftMigration = 1330;
					};
					14D054DD28153AE400735DD7 = {
						CreatedOnToolsVersion = 13.3;
					};
				};
			};
			buildConfigurationList = 14056B782813DDE9002C4CA3 /* Build configuration list for PBXProject "Copper" */;
			compatibilityVersion = "Xcode 13.0";
			developmentRegion = en;
			hasScannedForEncodings = 0;
			knownRegions = (
				en,
				Base,
			);
			mainGroup = 14056B742813DDE9002C4CA3;
			productRefGroup = 14056B7F2813DDEA002C4CA3 /* Products */;
			projectDirPath = "";
			projectRoot = "";
			targets = (
				14056B7D2813DDEA002C4CA3 /* Orders */,
				14056C0328142C05002C4CA3 /* OrdersTests */,
				14D054D628153AE400735DD7 /* OrdersiOS */,
				14D054DD28153AE400735DD7 /* OrdersiOSTests */,
			);
		};
/* End PBXProject section */

/* Begin PBXResourcesBuildPhase section */
		14056B7C2813DDEA002C4CA3 /* Resources */ = {
			isa = PBXResourcesBuildPhase;
			buildActionMask = 2147483647;
			files = (
			);
			runOnlyForDeploymentPostprocessing = 0;
		};
		14056C0228142C05002C4CA3 /* Resources */ = {
			isa = PBXResourcesBuildPhase;
			buildActionMask = 2147483647;
			files = (
			);
			runOnlyForDeploymentPostprocessing = 0;
		};
		14D054D528153AE400735DD7 /* Resources */ = {
			isa = PBXResourcesBuildPhase;
			buildActionMask = 2147483647;
			files = (
				14D055432815AB0900735DD7 /* Assets.xcassets in Resources */,
				14D055012815641500735DD7 /* Orders.storyboard in Resources */,
			);
			runOnlyForDeploymentPostprocessing = 0;
		};
		14D054DC28153AE400735DD7 /* Resources */ = {
			isa = PBXResourcesBuildPhase;
			buildActionMask = 2147483647;
			files = (
			);
			runOnlyForDeploymentPostprocessing = 0;
		};
/* End PBXResourcesBuildPhase section */

/* Begin PBXSourcesBuildPhase section */
		14056B7A2813DDEA002C4CA3 /* Sources */ = {
			isa = PBXSourcesBuildPhase;
			buildActionMask = 2147483647;
			files = (
				14056BFD28142BDB002C4CA3 /* OrderItemsMapper.swift in Sources */,
				14056BFE28142BDB002C4CA3 /* HTTPClient.swift in Sources */,
				14056BF428142BA8002C4CA3 /* OrderItem.swift in Sources */,
				14056BF528142BA8002C4CA3 /* OrdersLoader.swift in Sources */,
				14D054B628147C3F00735DD7 /* URLSessionHTTPClient.swift in Sources */,
				14056C2D28143DC3002C4CA3 /* OrdersStore.swift in Sources */,
				14056C24281433EC002C4CA3 /* ManagedCache.swift in Sources */,
				14056BFF28142BDB002C4CA3 /* HTTPURLResponse+StatusCode.swift in Sources */,
				14056C2B28143D8C002C4CA3 /* LocalOrdersLoader.swift in Sources */,
				14056BFC28142BDB002C4CA3 /* RemoteOrdersLoader.swift in Sources */,
				14D054A828145A9100735DD7 /* OrderStatue+init.swift in Sources */,
				14056C1D281433A9002C4CA3 /* CoreDataHelpers.swift in Sources */,
				14056C22281433EC002C4CA3 /* ManagedOrder.swift in Sources */,
				14056C2728143633002C4CA3 /* LocalOrderItem.swift in Sources */,
				14D054A628145A6400735DD7 /* OrderType+init.swift in Sources */,
				14056C1B28142EE5002C4CA3 /* OrdersStore.xcdatamodeld in Sources */,
				14056C2928143D42002C4CA3 /* CoreDataOrdersStore.swift in Sources */,
			);
			runOnlyForDeploymentPostprocessing = 0;
		};
		14056C0028142C05002C4CA3 /* Sources */ = {
			isa = PBXSourcesBuildPhase;
			buildActionMask = 2147483647;
			files = (
				14056C1328142C14002C4CA3 /* SharedTestHelpers.swift in Sources */,
				14D054BE281526E800735DD7 /* LoadFromCacheUseCaseTests.swift in Sources */,
				14D054B22814754F00735DD7 /* OrderType+rawValue.swift in Sources */,
				14D054B02814748600735DD7 /* OrdersCacheTestHelpers.swift in Sources */,
				14D054AE281473A600735DD7 /* OrdersStoreSpy.swift in Sources */,
				14056C1428142C14002C4CA3 /* XCTestCase+MemoryLeakTracking.swift in Sources */,
				14D054B828147C4D00735DD7 /* URLSessionHTTPClientTest.swift in Sources */,
				14056C1528142C14002C4CA3 /* RemoteOrdersLoaderTests.swift in Sources */,
				14D054AB281470C000735DD7 /* CoreDataOrdersStoreTests.swift in Sources */,
				14D054BC281484C300735DD7 /* CacheOrdersUseCaseTests.swift in Sources */,
				14D054B42814757100735DD7 /* OrderStatus+rawValue.swift in Sources */,
			);
			runOnlyForDeploymentPostprocessing = 0;
		};
		14D054D328153AE400735DD7 /* Sources */ = {
			isa = PBXSourcesBuildPhase;
			buildActionMask = 2147483647;
			files = (
				14D054FF281563E600735DD7 /* DownloadView.swift in Sources */,
				14D054FB2815593B00735DD7 /* AmountFormatter.swift in Sources */,
				14D054F128153D3200735DD7 /* OrdersViewModel.swift in Sources */,
				14D054FD281560D500735DD7 /* OrdersDownloadViewController.swift in Sources */,
				14D054F728153E6600735DD7 /* OrderItemCell.swift in Sources */,
				14D054F328153DFA00735DD7 /* OrdersViewController.swift in Sources */,
				14D054F528153E3500735DD7 /* OrderItemCellController.swift in Sources */,
				14D0550428156A7400735DD7 /* UITableView+Dequeuing.swift in Sources */,
				14D054F928154ACF00735DD7 /* OrderItemViewModel.swift in Sources */,
			);
			runOnlyForDeploymentPostprocessing = 0;
		};
		14D054DA28153AE400735DD7 /* Sources */ = {
			isa = PBXSourcesBuildPhase;
			buildActionMask = 2147483647;
			files = (
				14D054E428153AE400735DD7 /* OrdersSnapshotTests.swift in Sources */,
			);
			runOnlyForDeploymentPostprocessing = 0;
		};
/* End PBXSourcesBuildPhase section */

/* Begin PBXTargetDependency section */
		14056C0A28142C05002C4CA3 /* PBXTargetDependency */ = {
			isa = PBXTargetDependency;
			target = 14056B7D2813DDEA002C4CA3 /* Orders */;
			targetProxy = 14056C0928142C05002C4CA3 /* PBXContainerItemProxy */;
		};
		14D054E128153AE400735DD7 /* PBXTargetDependency */ = {
			isa = PBXTargetDependency;
			target = 14D054D628153AE400735DD7 /* OrdersiOS */;
			targetProxy = 14D054E028153AE400735DD7 /* PBXContainerItemProxy */;
		};
/* End PBXTargetDependency section */

/* Begin XCBuildConfiguration section */
		14056B832813DDEA002C4CA3 /* Debug */ = {
			isa = XCBuildConfiguration;
			buildSettings = {
				ALWAYS_SEARCH_USER_PATHS = NO;
				CLANG_ANALYZER_NONNULL = YES;
				CLANG_ANALYZER_NUMBER_OBJECT_CONVERSION = YES_AGGRESSIVE;
				CLANG_CXX_LANGUAGE_STANDARD = "gnu++17";
				CLANG_ENABLE_MODULES = YES;
				CLANG_ENABLE_OBJC_ARC = YES;
				CLANG_ENABLE_OBJC_WEAK = YES;
				CLANG_WARN_BLOCK_CAPTURE_AUTORELEASING = YES;
				CLANG_WARN_BOOL_CONVERSION = YES;
				CLANG_WARN_COMMA = YES;
				CLANG_WARN_CONSTANT_CONVERSION = YES;
				CLANG_WARN_DEPRECATED_OBJC_IMPLEMENTATIONS = YES;
				CLANG_WARN_DIRECT_OBJC_ISA_USAGE = YES_ERROR;
				CLANG_WARN_DOCUMENTATION_COMMENTS = YES;
				CLANG_WARN_EMPTY_BODY = YES;
				CLANG_WARN_ENUM_CONVERSION = YES;
				CLANG_WARN_INFINITE_RECURSION = YES;
				CLANG_WARN_INT_CONVERSION = YES;
				CLANG_WARN_NON_LITERAL_NULL_CONVERSION = YES;
				CLANG_WARN_OBJC_IMPLICIT_RETAIN_SELF = YES;
				CLANG_WARN_OBJC_LITERAL_CONVERSION = YES;
				CLANG_WARN_OBJC_ROOT_CLASS = YES_ERROR;
				CLANG_WARN_QUOTED_INCLUDE_IN_FRAMEWORK_HEADER = YES;
				CLANG_WARN_RANGE_LOOP_ANALYSIS = YES;
				CLANG_WARN_STRICT_PROTOTYPES = YES;
				CLANG_WARN_SUSPICIOUS_MOVE = YES;
				CLANG_WARN_UNGUARDED_AVAILABILITY = YES_AGGRESSIVE;
				CLANG_WARN_UNREACHABLE_CODE = YES;
				CLANG_WARN__DUPLICATE_METHOD_MATCH = YES;
				COPY_PHASE_STRIP = NO;
				CURRENT_PROJECT_VERSION = 1;
				DEBUG_INFORMATION_FORMAT = dwarf;
				ENABLE_STRICT_OBJC_MSGSEND = YES;
				ENABLE_TESTABILITY = YES;
				GCC_C_LANGUAGE_STANDARD = gnu11;
				GCC_DYNAMIC_NO_PIC = NO;
				GCC_NO_COMMON_BLOCKS = YES;
				GCC_OPTIMIZATION_LEVEL = 0;
				GCC_PREPROCESSOR_DEFINITIONS = (
					"DEBUG=1",
					"$(inherited)",
				);
				GCC_WARN_64_TO_32_BIT_CONVERSION = YES;
				GCC_WARN_ABOUT_RETURN_TYPE = YES_ERROR;
				GCC_WARN_UNDECLARED_SELECTOR = YES;
				GCC_WARN_UNINITIALIZED_AUTOS = YES_AGGRESSIVE;
				GCC_WARN_UNUSED_FUNCTION = YES;
				GCC_WARN_UNUSED_VARIABLE = YES;
				MACOSX_DEPLOYMENT_TARGET = 12.2;
				MTL_ENABLE_DEBUG_INFO = INCLUDE_SOURCE;
				MTL_FAST_MATH = YES;
				ONLY_ACTIVE_ARCH = YES;
				SDKROOT = macosx;
				SWIFT_ACTIVE_COMPILATION_CONDITIONS = DEBUG;
				SWIFT_OPTIMIZATION_LEVEL = "-Onone";
				VERSIONING_SYSTEM = "apple-generic";
				VERSION_INFO_PREFIX = "";
			};
			name = Debug;
		};
		14056B842813DDEA002C4CA3 /* Release */ = {
			isa = XCBuildConfiguration;
			buildSettings = {
				ALWAYS_SEARCH_USER_PATHS = NO;
				CLANG_ANALYZER_NONNULL = YES;
				CLANG_ANALYZER_NUMBER_OBJECT_CONVERSION = YES_AGGRESSIVE;
				CLANG_CXX_LANGUAGE_STANDARD = "gnu++17";
				CLANG_ENABLE_MODULES = YES;
				CLANG_ENABLE_OBJC_ARC = YES;
				CLANG_ENABLE_OBJC_WEAK = YES;
				CLANG_WARN_BLOCK_CAPTURE_AUTORELEASING = YES;
				CLANG_WARN_BOOL_CONVERSION = YES;
				CLANG_WARN_COMMA = YES;
				CLANG_WARN_CONSTANT_CONVERSION = YES;
				CLANG_WARN_DEPRECATED_OBJC_IMPLEMENTATIONS = YES;
				CLANG_WARN_DIRECT_OBJC_ISA_USAGE = YES_ERROR;
				CLANG_WARN_DOCUMENTATION_COMMENTS = YES;
				CLANG_WARN_EMPTY_BODY = YES;
				CLANG_WARN_ENUM_CONVERSION = YES;
				CLANG_WARN_INFINITE_RECURSION = YES;
				CLANG_WARN_INT_CONVERSION = YES;
				CLANG_WARN_NON_LITERAL_NULL_CONVERSION = YES;
				CLANG_WARN_OBJC_IMPLICIT_RETAIN_SELF = YES;
				CLANG_WARN_OBJC_LITERAL_CONVERSION = YES;
				CLANG_WARN_OBJC_ROOT_CLASS = YES_ERROR;
				CLANG_WARN_QUOTED_INCLUDE_IN_FRAMEWORK_HEADER = YES;
				CLANG_WARN_RANGE_LOOP_ANALYSIS = YES;
				CLANG_WARN_STRICT_PROTOTYPES = YES;
				CLANG_WARN_SUSPICIOUS_MOVE = YES;
				CLANG_WARN_UNGUARDED_AVAILABILITY = YES_AGGRESSIVE;
				CLANG_WARN_UNREACHABLE_CODE = YES;
				CLANG_WARN__DUPLICATE_METHOD_MATCH = YES;
				COPY_PHASE_STRIP = NO;
				CURRENT_PROJECT_VERSION = 1;
				DEBUG_INFORMATION_FORMAT = "dwarf-with-dsym";
				ENABLE_NS_ASSERTIONS = NO;
				ENABLE_STRICT_OBJC_MSGSEND = YES;
				GCC_C_LANGUAGE_STANDARD = gnu11;
				GCC_NO_COMMON_BLOCKS = YES;
				GCC_WARN_64_TO_32_BIT_CONVERSION = YES;
				GCC_WARN_ABOUT_RETURN_TYPE = YES_ERROR;
				GCC_WARN_UNDECLARED_SELECTOR = YES;
				GCC_WARN_UNINITIALIZED_AUTOS = YES_AGGRESSIVE;
				GCC_WARN_UNUSED_FUNCTION = YES;
				GCC_WARN_UNUSED_VARIABLE = YES;
				MACOSX_DEPLOYMENT_TARGET = 12.2;
				MTL_ENABLE_DEBUG_INFO = NO;
				MTL_FAST_MATH = YES;
				SDKROOT = macosx;
				SWIFT_COMPILATION_MODE = wholemodule;
				SWIFT_OPTIMIZATION_LEVEL = "-O";
				VERSIONING_SYSTEM = "apple-generic";
				VERSION_INFO_PREFIX = "";
			};
			name = Release;
		};
		14056B862813DDEA002C4CA3 /* Debug */ = {
			isa = XCBuildConfiguration;
			buildSettings = {
				CLANG_ENABLE_MODULES = YES;
				CODE_SIGN_STYLE = Automatic;
				COMBINE_HIDPI_IMAGES = YES;
				CURRENT_PROJECT_VERSION = 1;
				DEFINES_MODULE = YES;
				DEVELOPMENT_TEAM = 5F7BD2L6KN;
				DYLIB_COMPATIBILITY_VERSION = 1;
				DYLIB_CURRENT_VERSION = 1;
				DYLIB_INSTALL_NAME_BASE = "@rpath";
				GENERATE_INFOPLIST_FILE = YES;
				INFOPLIST_KEY_NSHumanReadableCopyright = "";
				INSTALL_PATH = "$(LOCAL_LIBRARY_DIR)/Frameworks";
				LD_RUNPATH_SEARCH_PATHS = (
					"$(inherited)",
					"@executable_path/../Frameworks",
					"@loader_path/Frameworks",
				);
				MARKETING_VERSION = 1.0;
				PRODUCT_BUNDLE_IDENTIFIER = com.hashem.Orders;
				PRODUCT_NAME = "$(TARGET_NAME:c99extidentifier)";
				SKIP_INSTALL = YES;
				SUPPORTED_PLATFORMS = "macosx iphoneos iphonesimulator";
				SWIFT_EMIT_LOC_STRINGS = YES;
				SWIFT_OPTIMIZATION_LEVEL = "-Onone";
				SWIFT_VERSION = 5.0;
			};
			name = Debug;
		};
		14056B872813DDEA002C4CA3 /* Release */ = {
			isa = XCBuildConfiguration;
			buildSettings = {
				CLANG_ENABLE_MODULES = YES;
				CODE_SIGN_STYLE = Automatic;
				COMBINE_HIDPI_IMAGES = YES;
				CURRENT_PROJECT_VERSION = 1;
				DEFINES_MODULE = YES;
				DEVELOPMENT_TEAM = 5F7BD2L6KN;
				DYLIB_COMPATIBILITY_VERSION = 1;
				DYLIB_CURRENT_VERSION = 1;
				DYLIB_INSTALL_NAME_BASE = "@rpath";
				GENERATE_INFOPLIST_FILE = YES;
				INFOPLIST_KEY_NSHumanReadableCopyright = "";
				INSTALL_PATH = "$(LOCAL_LIBRARY_DIR)/Frameworks";
				LD_RUNPATH_SEARCH_PATHS = (
					"$(inherited)",
					"@executable_path/../Frameworks",
					"@loader_path/Frameworks",
				);
				MARKETING_VERSION = 1.0;
				PRODUCT_BUNDLE_IDENTIFIER = com.hashem.Orders;
				PRODUCT_NAME = "$(TARGET_NAME:c99extidentifier)";
				SKIP_INSTALL = YES;
				SUPPORTED_PLATFORMS = "macosx iphoneos iphonesimulator";
				SWIFT_EMIT_LOC_STRINGS = YES;
				SWIFT_VERSION = 5.0;
			};
			name = Release;
		};
		14056C0C28142C05002C4CA3 /* Debug */ = {
			isa = XCBuildConfiguration;
			buildSettings = {
				CODE_SIGN_STYLE = Automatic;
				CURRENT_PROJECT_VERSION = 1;
				GENERATE_INFOPLIST_FILE = YES;
				MARKETING_VERSION = 1.0;
				PRODUCT_BUNDLE_IDENTIFIER = com.hashem.OrdersTests;
				PRODUCT_NAME = "$(TARGET_NAME)";
				SUPPORTED_PLATFORMS = "macosx iphonesimulator iphoneos";
				SWIFT_EMIT_LOC_STRINGS = NO;
				SWIFT_VERSION = 5.0;
			};
			name = Debug;
		};
		14056C0D28142C05002C4CA3 /* Release */ = {
			isa = XCBuildConfiguration;
			buildSettings = {
				CODE_SIGN_STYLE = Automatic;
				CURRENT_PROJECT_VERSION = 1;
				GENERATE_INFOPLIST_FILE = YES;
				MARKETING_VERSION = 1.0;
				PRODUCT_BUNDLE_IDENTIFIER = com.hashem.OrdersTests;
				PRODUCT_NAME = "$(TARGET_NAME)";
				SUPPORTED_PLATFORMS = "macosx iphonesimulator iphoneos";
				SWIFT_EMIT_LOC_STRINGS = NO;
				SWIFT_VERSION = 5.0;
			};
			name = Release;
		};
		14D054E728153AE400735DD7 /* Debug */ = {
			isa = XCBuildConfiguration;
			buildSettings = {
				CLANG_ENABLE_MODULES = YES;
				CODE_SIGN_STYLE = Automatic;
				CURRENT_PROJECT_VERSION = 1;
				DEFINES_MODULE = YES;
				DYLIB_COMPATIBILITY_VERSION = 1;
				DYLIB_CURRENT_VERSION = 1;
				DYLIB_INSTALL_NAME_BASE = "@rpath";
				GENERATE_INFOPLIST_FILE = YES;
				INFOPLIST_KEY_NSHumanReadableCopyright = "";
				INSTALL_PATH = "$(LOCAL_LIBRARY_DIR)/Frameworks";
				IPHONEOS_DEPLOYMENT_TARGET = 15.4;
				LD_RUNPATH_SEARCH_PATHS = (
					"$(inherited)",
					"@executable_path/Frameworks",
					"@loader_path/Frameworks",
				);
				MARKETING_VERSION = 1.0;
				PRODUCT_BUNDLE_IDENTIFIER = com.hashem.OrdersiOS;
				PRODUCT_NAME = "$(TARGET_NAME:c99extidentifier)";
				SDKROOT = iphoneos;
				SKIP_INSTALL = YES;
				SWIFT_EMIT_LOC_STRINGS = YES;
				SWIFT_OPTIMIZATION_LEVEL = "-Onone";
				SWIFT_VERSION = 5.0;
				TARGETED_DEVICE_FAMILY = "1,2";
			};
			name = Debug;
		};
		14D054E828153AE400735DD7 /* Release */ = {
			isa = XCBuildConfiguration;
			buildSettings = {
				CLANG_ENABLE_MODULES = YES;
				CODE_SIGN_STYLE = Automatic;
				CURRENT_PROJECT_VERSION = 1;
				DEFINES_MODULE = YES;
				DYLIB_COMPATIBILITY_VERSION = 1;
				DYLIB_CURRENT_VERSION = 1;
				DYLIB_INSTALL_NAME_BASE = "@rpath";
				GENERATE_INFOPLIST_FILE = YES;
				INFOPLIST_KEY_NSHumanReadableCopyright = "";
				INSTALL_PATH = "$(LOCAL_LIBRARY_DIR)/Frameworks";
				IPHONEOS_DEPLOYMENT_TARGET = 15.4;
				LD_RUNPATH_SEARCH_PATHS = (
					"$(inherited)",
					"@executable_path/Frameworks",
					"@loader_path/Frameworks",
				);
				MARKETING_VERSION = 1.0;
				PRODUCT_BUNDLE_IDENTIFIER = com.hashem.OrdersiOS;
				PRODUCT_NAME = "$(TARGET_NAME:c99extidentifier)";
				SDKROOT = iphoneos;
				SKIP_INSTALL = YES;
				SWIFT_EMIT_LOC_STRINGS = YES;
				SWIFT_VERSION = 5.0;
				TARGETED_DEVICE_FAMILY = "1,2";
				VALIDATE_PRODUCT = YES;
			};
			name = Release;
		};
		14D054EA28153AE400735DD7 /* Debug */ = {
			isa = XCBuildConfiguration;
			buildSettings = {
				ALWAYS_EMBED_SWIFT_STANDARD_LIBRARIES = YES;
				CODE_SIGN_STYLE = Automatic;
				CURRENT_PROJECT_VERSION = 1;
				GENERATE_INFOPLIST_FILE = YES;
				IPHONEOS_DEPLOYMENT_TARGET = 15.4;
				MARKETING_VERSION = 1.0;
				PRODUCT_BUNDLE_IDENTIFIER = com.hashem.OrdersiOSTests;
				PRODUCT_NAME = "$(TARGET_NAME)";
				SDKROOT = iphoneos;
				SWIFT_EMIT_LOC_STRINGS = NO;
				SWIFT_VERSION = 5.0;
				TARGETED_DEVICE_FAMILY = "1,2";
			};
			name = Debug;
		};
		14D054EB28153AE400735DD7 /* Release */ = {
			isa = XCBuildConfiguration;
			buildSettings = {
				ALWAYS_EMBED_SWIFT_STANDARD_LIBRARIES = YES;
				CODE_SIGN_STYLE = Automatic;
				CURRENT_PROJECT_VERSION = 1;
				GENERATE_INFOPLIST_FILE = YES;
				IPHONEOS_DEPLOYMENT_TARGET = 15.4;
				MARKETING_VERSION = 1.0;
				PRODUCT_BUNDLE_IDENTIFIER = com.hashem.OrdersiOSTests;
				PRODUCT_NAME = "$(TARGET_NAME)";
				SDKROOT = iphoneos;
				SWIFT_EMIT_LOC_STRINGS = NO;
				SWIFT_VERSION = 5.0;
				TARGETED_DEVICE_FAMILY = "1,2";
				VALIDATE_PRODUCT = YES;
			};
			name = Release;
		};
/* End XCBuildConfiguration section */

/* Begin XCConfigurationList section */
		14056B782813DDE9002C4CA3 /* Build configuration list for PBXProject "Copper" */ = {
			isa = XCConfigurationList;
			buildConfigurations = (
				14056B832813DDEA002C4CA3 /* Debug */,
				14056B842813DDEA002C4CA3 /* Release */,
			);
			defaultConfigurationIsVisible = 0;
			defaultConfigurationName = Release;
		};
		14056B852813DDEA002C4CA3 /* Build configuration list for PBXNativeTarget "Orders" */ = {
			isa = XCConfigurationList;
			buildConfigurations = (
				14056B862813DDEA002C4CA3 /* Debug */,
				14056B872813DDEA002C4CA3 /* Release */,
			);
			defaultConfigurationIsVisible = 0;
			defaultConfigurationName = Release;
		};
		14056C0B28142C05002C4CA3 /* Build configuration list for PBXNativeTarget "OrdersTests" */ = {
			isa = XCConfigurationList;
			buildConfigurations = (
				14056C0C28142C05002C4CA3 /* Debug */,
				14056C0D28142C05002C4CA3 /* Release */,
			);
			defaultConfigurationIsVisible = 0;
			defaultConfigurationName = Release;
		};
		14D054E628153AE400735DD7 /* Build configuration list for PBXNativeTarget "OrdersiOS" */ = {
			isa = XCConfigurationList;
			buildConfigurations = (
				14D054E728153AE400735DD7 /* Debug */,
				14D054E828153AE400735DD7 /* Release */,
			);
			defaultConfigurationIsVisible = 0;
			defaultConfigurationName = Release;
		};
		14D054E928153AE400735DD7 /* Build configuration list for PBXNativeTarget "OrdersiOSTests" */ = {
			isa = XCConfigurationList;
			buildConfigurations = (
				14D054EA28153AE400735DD7 /* Debug */,
				14D054EB28153AE400735DD7 /* Release */,
			);
			defaultConfigurationIsVisible = 0;
			defaultConfigurationName = Release;
		};
/* End XCConfigurationList section */

/* Begin XCVersionGroup section */
		14056C1928142EE5002C4CA3 /* OrdersStore.xcdatamodeld */ = {
			isa = XCVersionGroup;
			children = (
				14056C1A28142EE5002C4CA3 /* OrdersStore.xcdatamodel */,
			);
			currentVersion = 14056C1A28142EE5002C4CA3 /* OrdersStore.xcdatamodel */;
			path = OrdersStore.xcdatamodeld;
			sourceTree = "<group>";
			versionGroupType = wrapper.xcdatamodel;
		};
/* End XCVersionGroup section */
	};
	rootObject = 14056B752813DDE9002C4CA3 /* Project object */;
}
